
Microsoft Visual Studio Solution File, Format Version 12.00
# Visual Studio Version 17
VisualStudioVersion = 17.6.33815.320
MinimumVisualStudioVersion = 10.0.40219.1
Project("{9A19103F-16F7-4668-BE54-9A1E7A4F7556}") = "JesterDebris", "JesterDebris.csproj", "{281CECF2-3FF5-4331-8DF7-F1D5A5191F7B}"
EndProject
Global
	GlobalSection(SolutionConfigurationPlatforms) = preSolution
		Debug|Any CPU = Debug|Any CPU
		Release|Any CPU = Release|Any CPU
	EndGlobalSection
	GlobalSection(ProjectConfigurationPlatforms) = postSolution
		{281CECF2-3FF5-4331-8DF7-F1D5A5191F7B}.Debug|Any CPU.ActiveCfg = Debug|Any CPU
		{281CECF2-3FF5-4331-8DF7-F1D5A5191F7B}.Debug|Any CPU.Build.0 = Debug|Any CPU
		{281CECF2-3FF5-4331-8DF7-F1D5A5191F7B}.Release|Any CPU.ActiveCfg = Release|Any CPU
		{281CECF2-3FF5-4331-8DF7-F1D5A5191F7B}.Release|Any CPU.Build.0 = Release|Any CPU
	EndGlobalSection
	GlobalSection(SolutionProperties) = preSolution
		HideSolutionNode = FALSE
	EndGlobalSection
	GlobalSection(ExtensibilityGlobals) = postSolution
		SolutionGuid = {7691229B-7D1F-40E2-A79F-7A850E423362}
	EndGlobalSection
EndGlobal
